<?xml version="1.0" encoding="utf-8"?>
<Project ToolsVersion="4.0" xmlns="http://schemas.microsoft.com/developer/msbuild/2003">
  <ItemGroup>
    <Filter Include="소스 파일">
      <UniqueIdentifier>{4FC737F1-C7A5-4376-A066-2A32D752A2FF}</UniqueIdentifier>
      <Extensions>cpp;c;cc;cxx;def;odl;idl;hpj;bat;asm;asmx</Extensions>
    </Filter>
    <Filter Include="헤더 파일">
      <UniqueIdentifier>{93995380-89BD-4b04-88EB-625FBE52EBFB}</UniqueIdentifier>
      <Extensions>h;hh;hpp;hxx;hm;inl;inc;xsd</Extensions>
    </Filter>
    <Filter Include="리소스 파일">
      <UniqueIdentifier>{67DA6AB6-F800-4c08-8B7A-83BB121AAD01}</UniqueIdentifier>
      <Extensions>rc;ico;cur;bmp;dlg;rc2;rct;bin;rgs;gif;jpg;jpeg;jpe;resx;tiff;tif;png;wav;mfcribbon-ms</Extensions>
    </Filter>
  </ItemGroup>
  <ItemGroup>
    <ClCompile Include="land_mine_main_menu.cpp">
      <Filter>소스 파일</Filter>
    </ClCompile>
    <ClCompile Include="land_mine_main.cpp">
      <Filter>소스 파일</Filter>
    </ClCompile>
    <ClCompile Include="fs_menu_screen_print.cpp">
      <Filter>소스 파일</Filter>
    </ClCompile>
    <ClCompile Include="land_mine_base_game_setting.cpp">
      <Filter>소스 파일</Filter>
    </ClCompile>
    <ClCompile Include="land_mine_user_game_setting.cpp">
      <Filter>소스 파일</Filter>
    </ClCompile>
    <ClCompile Include="fs_unsigned_integer.cpp">
      <Filter>소스 파일</Filter>
    </ClCompile>
    <ClCompile Include="land_mine_game_setting_save.cpp">
      <Filter>소스 파일</Filter>
    </ClCompile>
    <ClCompile Include="..\..\random_number_generator_WELL\random_number_generator_WELL\WELL512.cpp">
      <Filter>소스 파일</Filter>
    </ClCompile>
    <ClCompile Include="..\code_test_4\temporary_main.cpp">
      <Filter>소스 파일</Filter>
    </ClCompile>
    <ClCompile Include="..\code_test_4\fs_conio_order.cpp">
      <Filter>소스 파일</Filter>
    </ClCompile>
    <ClCompile Include="..\code_test_4\land_mine_game_conptroller.cpp">
      <Filter>소스 파일</Filter>
    </ClCompile>
    <ClCompile Include="..\code_test_4\land_mine_map_build.cpp">
      <Filter>소스 파일</Filter>
    </ClCompile>
    <ClCompile Include="..\code_test_4\land_mine_map_print.cpp">
      <Filter>소스 파일</Filter>
    </ClCompile>
  </ItemGroup>
  <ItemGroup>
    <ClInclude Include="land_mine.h">
      <Filter>헤더 파일</Filter>
    </ClInclude>
    <ClInclude Include="fs_menu_screen_print.h">
      <Filter>헤더 파일</Filter>
    </ClInclude>
    <ClInclude Include="land_mine_main_menu_constant.h">
      <Filter>헤더 파일</Filter>
    </ClInclude>
    <ClInclude Include="fs_unsigned_integer.h">
      <Filter>헤더 파일</Filter>
    </ClInclude>
    <ClInclude Include="land_mine_game_setting_save.h">
      <Filter>헤더 파일</Filter>
    </ClInclude>
    <ClInclude Include="..\..\random_number_generator_WELL\random_number_generator_WELL\WELL512.h">
      <Filter>헤더 파일</Filter>
    </ClInclude>
    <ClInclude Include="..\code_test_4\fs_conio_order.h">
      <Filter>헤더 파일</Filter>
    </ClInclude>
    <ClInclude Include="..\code_test_4\land_mine_game_conptroller.h">
      <Filter>헤더 파일</Filter>
    </ClInclude>
  </ItemGroup>
  <ItemGroup>
    <None Include="ClassDiagram.cd" />
  </ItemGroup>
</Project>